// !$*UTF8*$!
{
	archiveVersion = 1;
	classes = {
	};
	objectVersion = 50;
	objects = {

/* Begin PBXBuildFile section */
		97373FF2227D562D0081FD9E /* main.cpp in Sources */ = {isa = PBXBuildFile; fileRef = 9737392F227D562C0081FD9E /* main.cpp */; };
		97AE4AFE224C98510056B991 /* libuWS.dylib in Frameworks */ = {isa = PBXBuildFile; fileRef = 97AE4AFD224C98510056B991 /* libuWS.dylib */; };
/* End PBXBuildFile section */

/* Begin PBXBuildRule section */
		977326DA224C805500FA4F03 /* PBXBuildRule */ = {
			isa = PBXBuildRule;
			compilerSpec = com.apple.compilers.proxy.script;
			fileType = compiled.air;
			isEditable = 1;
			outputFiles = (
			);
			script = "# metallib\n# https://medium.com/@tabvn/c-how-to-linking-uwebsocket-in-macos-xcode-9-ef3ffea880e4\n\n";
		};
/* End PBXBuildRule section */

/* Begin PBXCopyFilesBuildPhase section */
		977326C5224C7F0D00FA4F03 /* CopyFiles */ = {
			isa = PBXCopyFilesBuildPhase;
			buildActionMask = 8;
			dstPath = /usr/share/man/man1;
			dstSubfolderSpec = 0;
			files = (
			);
			runOnlyForDeploymentPostprocessing = 1;
		};
/* End PBXCopyFilesBuildPhase section */

/* Begin PBXFileReference section */
		970E9AA1227D4FDC00AA3378 /* highway_map.csv */ = {isa = PBXFileReference; fileEncoding = 4; lastKnownFileType = text; path = highway_map.csv; sourceTree = "<group>"; };
		970EF96B227F72CB0070C28E /* spline.h */ = {isa = PBXFileReference; fileEncoding = 4; lastKnownFileType = sourcecode.c.h; path = spline.h; sourceTree = "<group>"; };
		9737392D227D562C0081FD9E /* json.hpp */ = {isa = PBXFileReference; fileEncoding = 4; lastKnownFileType = sourcecode.cpp.h; path = json.hpp; sourceTree = "<group>"; };
		9737392E227D562C0081FD9E /* helpers.h */ = {isa = PBXFileReference; fileEncoding = 4; lastKnownFileType = sourcecode.c.h; path = helpers.h; sourceTree = "<group>"; };
		9737392F227D562C0081FD9E /* main.cpp */ = {isa = PBXFileReference; fileEncoding = 4; lastKnownFileType = sourcecode.cpp.cpp; path = main.cpp; sourceTree = "<group>"; };
		977326C7224C7F0D00FA4F03 /* xcode */ = {isa = PBXFileReference; explicitFileType = "compiled.mach-o.executable"; includeInIndex = 0; path = xcode; sourceTree = BUILT_PRODUCTS_DIR; };
		97AE4AFD224C98510056B991 /* libuWS.dylib */ = {isa = PBXFileReference; lastKnownFileType = "compiled.mach-o.dylib"; name = libuWS.dylib; path = ../../../../../usr/local/lib/libuWS.dylib; sourceTree = "<group>"; };
/* End PBXFileReference section */

/* Begin PBXFrameworksBuildPhase section */
		977326C4224C7F0D00FA4F03 /* Frameworks */ = {
			isa = PBXFrameworksBuildPhase;
			buildActionMask = 2147483647;
			files = (
				97AE4AFE224C98510056B991 /* libuWS.dylib in Frameworks */,
			);
			runOnlyForDeploymentPostprocessing = 0;
		};
/* End PBXFrameworksBuildPhase section */

/* Begin PBXGroup section */
		970E9AA0227D4FDC00AA3378 /* data */ = {
			isa = PBXGroup;
			children = (
				970E9AA1227D4FDC00AA3378 /* highway_map.csv */,
			);
			path = data;
			sourceTree = "<group>";
		};
		9737392C227D562C0081FD9E /* src */ = {
			isa = PBXGroup;
			children = (
				9737392F227D562C0081FD9E /* main.cpp */,
				9737392D227D562C0081FD9E /* json.hpp */,
				9737392E227D562C0081FD9E /* helpers.h */,
				970EF96B227F72CB0070C28E /* spline.h */,
			);
			path = src;
			sourceTree = "<group>";
		};
		977326BE224C7F0D00FA4F03 = {
			isa = PBXGroup;
			children = (
				9737392C227D562C0081FD9E /* src */,
				970E9AA0227D4FDC00AA3378 /* data */,
				977326C8224C7F0D00FA4F03 /* Products */,
				97AE4AFC224C98510056B991 /* Frameworks */,
			);
			sourceTree = "<group>";
		};
		977326C8224C7F0D00FA4F03 /* Products */ = {
			isa = PBXGroup;
			children = (
				977326C7224C7F0D00FA4F03 /* xcode */,
			);
			name = Products;
			sourceTree = "<group>";
		};
		97AE4AFC224C98510056B991 /* Frameworks */ = {
			isa = PBXGroup;
			children = (
				97AE4AFD224C98510056B991 /* libuWS.dylib */,
			);
			name = Frameworks;
			sourceTree = "<group>";
		};
/* End PBXGroup section */

/* Begin PBXNativeTarget section */
		977326C6224C7F0D00FA4F03 /* xcode */ = {
			isa = PBXNativeTarget;
			buildConfigurationList = 977326CE224C7F0D00FA4F03 /* Build configuration list for PBXNativeTarget "xcode" */;
			buildPhases = (
				977326C3224C7F0D00FA4F03 /* Sources */,
				977326C4224C7F0D00FA4F03 /* Frameworks */,
				977326C5224C7F0D00FA4F03 /* CopyFiles */,
			);
			buildRules = (
				977326DA224C805500FA4F03 /* PBXBuildRule */,
			);
			dependencies = (
			);
			name = xcode;
			productName = xcode;
			productReference = 977326C7224C7F0D00FA4F03 /* xcode */;
			productType = "com.apple.product-type.tool";
		};
/* End PBXNativeTarget section */

/* Begin PBXProject section */
		977326BF224C7F0D00FA4F03 /* Project object */ = {
			isa = PBXProject;
			attributes = {
				LastUpgradeCheck = 1010;
				ORGANIZATIONNAME = "Jianxing Zhang";
				TargetAttributes = {
					977326C6224C7F0D00FA4F03 = {
						CreatedOnToolsVersion = 10.1;
					};
				};
			};
			buildConfigurationList = 977326C2224C7F0D00FA4F03 /* Build configuration list for PBXProject "xcode" */;
			compatibilityVersion = "Xcode 9.3";
			developmentRegion = en;
			hasScannedForEncodings = 0;
			knownRegions = (
				en,
				Base,
			);
			mainGroup = 977326BE224C7F0D00FA4F03;
			productRefGroup = 977326C8224C7F0D00FA4F03 /* Products */;
			projectDirPath = "";
			projectRoot = "";
			targets = (
				977326C6224C7F0D00FA4F03 /* xcode */,
			);
		};
/* End PBXProject section */

/* Begin PBXSourcesBuildPhase section */
		977326C3224C7F0D00FA4F03 /* Sources */ = {
			isa = PBXSourcesBuildPhase;
			buildActionMask = 2147483647;
			files = (
				97373FF2227D562D0081FD9E /* main.cpp in Sources */,
			);
			runOnlyForDeploymentPostprocessing = 0;
		};
/* End PBXSourcesBuildPhase section */

/* Begin XCBuildConfiguration section */
		977326CC224C7F0D00FA4F03 /* Debug */ = {
			isa = XCBuildConfiguration;
			buildSettings = {
				ALWAYS_SEARCH_USER_PATHS = NO;
				CLANG_ANALYZER_NONNULL = YES;
				CLANG_ANALYZER_NUMBER_OBJECT_CONVERSION = YES_AGGRESSIVE;
				CLANG_CXX_LANGUAGE_STANDARD = "gnu++14";
				CLANG_CXX_LIBRARY = "libc++";
				CLANG_ENABLE_MODULES = YES;
				CLANG_ENABLE_OBJC_ARC = YES;
				CLANG_ENABLE_OBJC_WEAK = YES;
				CLANG_WARN_BLOCK_CAPTURE_AUTORELEASING = YES;
				CLANG_WARN_BOOL_CONVERSION = YES;
				CLANG_WARN_COMMA = YES;
				CLANG_WARN_CONSTANT_CONVERSION = YES;
				CLANG_WARN_DEPRECATED_OBJC_IMPLEMENTATIONS = YES;
				CLANG_WARN_DIRECT_OBJC_ISA_USAGE = YES_ERROR;
				CLANG_WARN_DOCUMENTATION_COMMENTS = YES;
				CLANG_WARN_EMPTY_BODY = YES;
				CLANG_WARN_ENUM_CONVERSION = YES;
				CLANG_WARN_INFINITE_RECURSION = YES;
				CLANG_WARN_INT_CONVERSION = YES;
				CLANG_WARN_NON_LITERAL_NULL_CONVERSION = YES;
				CLANG_WARN_OBJC_IMPLICIT_RETAIN_SELF = YES;
				CLANG_WARN_OBJC_LITERAL_CONVERSION = YES;
				CLANG_WARN_OBJC_ROOT_CLASS = YES_ERROR;
				CLANG_WARN_RANGE_LOOP_ANALYSIS = YES;
				CLANG_WARN_STRICT_PROTOTYPES = YES;
				CLANG_WARN_SUSPICIOUS_MOVE = YES;
				CLANG_WARN_UNGUARDED_AVAILABILITY = YES_AGGRESSIVE;
				CLANG_WARN_UNREACHABLE_CODE = YES;
				CLANG_WARN__DUPLICATE_METHOD_MATCH = YES;
				CODE_SIGN_IDENTITY = "-";
				COPY_PHASE_STRIP = NO;
				DEBUG_INFORMATION_FORMAT = dwarf;
				ENABLE_STRICT_OBJC_MSGSEND = YES;
				ENABLE_TESTABILITY = YES;
				GCC_C_LANGUAGE_STANDARD = gnu11;
				GCC_DYNAMIC_NO_PIC = NO;
				GCC_NO_COMMON_BLOCKS = YES;
				GCC_OPTIMIZATION_LEVEL = 0;
				GCC_PREPROCESSOR_DEFINITIONS = (
					"DEBUG=1",
					"$(inherited)",
				);
				GCC_WARN_64_TO_32_BIT_CONVERSION = YES;
				GCC_WARN_ABOUT_RETURN_TYPE = YES_ERROR;
				GCC_WARN_UNDECLARED_SELECTOR = YES;
				GCC_WARN_UNINITIALIZED_AUTOS = YES_AGGRESSIVE;
				GCC_WARN_UNUSED_FUNCTION = YES;
				GCC_WARN_UNUSED_VARIABLE = YES;
				MACOSX_DEPLOYMENT_TARGET = 10.14;
				MTL_ENABLE_DEBUG_INFO = INCLUDE_SOURCE;
				MTL_FAST_MATH = YES;
				ONLY_ACTIVE_ARCH = YES;
				SDKROOT = macosx;
			};
			name = Debug;
		};
		977326CD224C7F0D00FA4F03 /* Release */ = {
			isa = XCBuildConfiguration;
			buildSettings = {
				ALWAYS_SEARCH_USER_PATHS = NO;
				CLANG_ANALYZER_NONNULL = YES;
				CLANG_ANALYZER_NUMBER_OBJECT_CONVERSION = YES_AGGRESSIVE;
				CLANG_CXX_LANGUAGE_STANDARD = "gnu++14";
				CLANG_CXX_LIBRARY = "libc++";
				CLANG_ENABLE_MODULES = YES;
				CLANG_ENABLE_OBJC_ARC = YES;
				CLANG_ENABLE_OBJC_WEAK = YES;
				CLANG_WARN_BLOCK_CAPTURE_AUTORELEASING = YES;
				CLANG_WARN_BOOL_CONVERSION = YES;
				CLANG_WARN_COMMA = YES;
				CLANG_WARN_CONSTANT_CONVERSION = YES;
				CLANG_WARN_DEPRECATED_OBJC_IMPLEMENTATIONS = YES;
				CLANG_WARN_DIRECT_OBJC_ISA_USAGE = YES_ERROR;
				CLANG_WARN_DOCUMENTATION_COMMENTS = YES;
				CLANG_WARN_EMPTY_BODY = YES;
				CLANG_WARN_ENUM_CONVERSION = YES;
				CLANG_WARN_INFINITE_RECURSION = YES;
				CLANG_WARN_INT_CONVERSION = YES;
				CLANG_WARN_NON_LITERAL_NULL_CONVERSION = YES;
				CLANG_WARN_OBJC_IMPLICIT_RETAIN_SELF = YES;
				CLANG_WARN_OBJC_LITERAL_CONVERSION = YES;
				CLANG_WARN_OBJC_ROOT_CLASS = YES_ERROR;
				CLANG_WARN_RANGE_LOOP_ANALYSIS = YES;
				CLANG_WARN_STRICT_PROTOTYPES = YES;
				CLANG_WARN_SUSPICIOUS_MOVE = YES;
				CLANG_WARN_UNGUARDED_AVAILABILITY = YES_AGGRESSIVE;
				CLANG_WARN_UNREACHABLE_CODE = YES;
				CLANG_WARN__DUPLICATE_METHOD_MATCH = YES;
				CODE_SIGN_IDENTITY = "-";
				COPY_PHASE_STRIP = NO;
				DEBUG_INFORMATION_FORMAT = "dwarf-with-dsym";
				ENABLE_NS_ASSERTIONS = NO;
				ENABLE_STRICT_OBJC_MSGSEND = YES;
				GCC_C_LANGUAGE_STANDARD = gnu11;
				GCC_NO_COMMON_BLOCKS = YES;
				GCC_WARN_64_TO_32_BIT_CONVERSION = YES;
				GCC_WARN_ABOUT_RETURN_TYPE = YES_ERROR;
				GCC_WARN_UNDECLARED_SELECTOR = YES;
				GCC_WARN_UNINITIALIZED_AUTOS = YES_AGGRESSIVE;
				GCC_WARN_UNUSED_FUNCTION = YES;
				GCC_WARN_UNUSED_VARIABLE = YES;
				MACOSX_DEPLOYMENT_TARGET = 10.14;
				MTL_ENABLE_DEBUG_INFO = NO;
				MTL_FAST_MATH = YES;
				SDKROOT = macosx;
			};
			name = Release;
		};
		977326CF224C7F0D00FA4F03 /* Debug */ = {
			isa = XCBuildConfiguration;
			buildSettings = {
				CODE_SIGN_STYLE = Automatic;
				FRAMEWORK_SEARCH_PATHS = "";
				GCC_VERSION = "";
				HEADER_SEARCH_PATHS = (
					/usr/local/include,
					/usr/local/Cellar/openssl/1.0.2q/include,
				);
				LIBRARY_SEARCH_PATHS = (
					/usr/local/Cellar/openssl/1.0.2q/lib,
					/usr/local/lib/,
				);
				OTHER_LDFLAGS = (
					"-I/usr/local/include/uWS",
					"-L/usr/local/lib",
					"-L/usr/local/opt/zlib/lib",
					"-luWS",
					"-luv",
					"-lz",
				);
				PRODUCT_NAME = "$(TARGET_NAME)";
				SYSTEM_HEADER_SEARCH_PATHS = "";
			};
			name = Debug;
		};
		977326D0224C7F0D00FA4F03 /* Release */ = {
			isa = XCBuildConfiguration;
			buildSettings = {
				CODE_SIGN_STYLE = Automatic;
				FRAMEWORK_SEARCH_PATHS = "";
				GCC_VERSION = "";
				HEADER_SEARCH_PATHS = (
					/usr/local/include,
					/usr/local/Cellar/openssl/1.0.2q/include,
				);
				LIBRARY_SEARCH_PATHS = (
					/usr/local/Cellar/openssl/1.0.2q/lib,
					/usr/local/lib/,
				);
				OTHER_LDFLAGS = (
					"-I/usr/local/include/uWS",
					"-L/usr/local/lib",
					"-L/usr/local/opt/zlib/lib",
					"-luWS",
					"-luv",
					"-lz",
				);
				PRODUCT_NAME = "$(TARGET_NAME)";
				SYSTEM_HEADER_SEARCH_PATHS = "";
			};
			name = Release;
		};
/* End XCBuildConfiguration section */

/* Begin XCConfigurationList section */
		977326C2224C7F0D00FA4F03 /* Build configuration list for PBXProject "xcode" */ = {
			isa = XCConfigurationList;
			buildConfigurations = (
				977326CC224C7F0D00FA4F03 /* Debug */,
				977326CD224C7F0D00FA4F03 /* Release */,
			);
			defaultConfigurationIsVisible = 0;
			defaultConfigurationName = Release;
		};
		977326CE224C7F0D00FA4F03 /* Build configuration list for PBXNativeTarget "xcode" */ = {
			isa = XCConfigurationList;
			buildConfigurations = (
				977326CF224C7F0D00FA4F03 /* Debug */,
				977326D0224C7F0D00FA4F03 /* Release */,
			);
			defaultConfigurationIsVisible = 0;
			defaultConfigurationName = Release;
		};
/* End XCConfigurationList section */
	};
	rootObject = 977326BF224C7F0D00FA4F03 /* Project object */;
}
